
Microsoft Visual Studio Solution File, Format Version 12.00
# Visual Studio Version 17
VisualStudioVersion = 17.0.31903.59
MinimumVisualStudioVersion = 10.0.40219.1
Project("{FAE04EC0-301F-11D3-BF4B-00C04F79EFBC}") = "CGono.NagBot.TG.Api", "CGono.NagBot.TG.Api\CGono.NagBot.TG.Api.csproj", "{9EA96BB3-0377-41BC-945A-5BB0EC2DABE8}"
EndProject
Project("{FAE04EC0-301F-11D3-BF4B-00C04F79EFBC}") = "CGono.TG.NagBot.Tests", "CGono.NagBot.TG.Tests\CGono.TG.NagBot.Tests.csproj", "{2AF8903E-332D-448B-B95A-4A6BF2E3A87E}"
EndProject
Global
	GlobalSection(SolutionConfigurationPlatforms) = preSolution
		Debug|Any CPU = Debug|Any CPU
		Release|Any CPU = Release|Any CPU
	EndGlobalSection
	GlobalSection(SolutionProperties) = preSolution
		HideSolutionNode = FALSE
	EndGlobalSection
	GlobalSection(ProjectConfigurationPlatforms) = postSolution
		{9EA96BB3-0377-41BC-945A-5BB0EC2DABE8}.Debug|Any CPU.ActiveCfg = Debug|Any CPU
		{9EA96BB3-0377-41BC-945A-5BB0EC2DABE8}.Debug|Any CPU.Build.0 = Debug|Any CPU
		{9EA96BB3-0377-41BC-945A-5BB0EC2DABE8}.Release|Any CPU.ActiveCfg = Release|Any CPU
		{9EA96BB3-0377-41BC-945A-5BB0EC2DABE8}.Release|Any CPU.Build.0 = Release|Any CPU
		{2AF8903E-332D-448B-B95A-4A6BF2E3A87E}.Debug|Any CPU.ActiveCfg = Debug|Any CPU
		{2AF8903E-332D-448B-B95A-4A6BF2E3A87E}.Debug|Any CPU.Build.0 = Debug|Any CPU
		{2AF8903E-332D-448B-B95A-4A6BF2E3A87E}.Release|Any CPU.ActiveCfg = Release|Any CPU
		{2AF8903E-332D-448B-B95A-4A6BF2E3A87E}.Release|Any CPU.Build.0 = Release|Any CPU
	EndGlobalSection
EndGlobal
